<?xml version="1.0" encoding="utf-8"?>
<Project ToolsVersion="4.0" xmlns="http://schemas.microsoft.com/developer/msbuild/2003">
  <ItemGroup>
    <Filter Include="Source Files">
      <UniqueIdentifier>{4FC737F1-C7A5-4376-A066-2A32D752A2FF}</UniqueIdentifier>
      <Extensions>cpp;c;cc;cxx;c++;cppm;ixx;def;odl;idl;hpj;bat;asm;asmx</Extensions>
    </Filter>
    <Filter Include="Header Files">
      <UniqueIdentifier>{93995380-89BD-4b04-88EB-625FBE52EBFB}</UniqueIdentifier>
      <Extensions>h;hh;hpp;hxx;h++;hm;inl;inc;ipp;xsd</Extensions>
    </Filter>
    <Filter Include="Resource Files">
      <UniqueIdentifier>{67DA6AB6-F800-4c08-8B7A-83BB121AAD01}</UniqueIdentifier>
      <Extensions>rc;ico;cur;bmp;dlg;rc2;rct;bin;rgs;gif;jpg;jpeg;jpe;resx;tiff;tif;png;wav;mfcribbon-ms</Extensions>
    </Filter>
  </ItemGroup>
  <ItemGroup>
    <ClCompile Include="src\main.cpp">
      <Filter>Source Files</Filter>
    </ClCompile>
    <ClCompile Include="src\DataSet\Data.cpp">
      <Filter>Source Files</Filter>
    </ClCompile>
    <ClCompile Include="src\DataSet\DataHandler.cpp">
      <Filter>Source Files</Filter>
    </ClCompile>
    <ClCompile Include="src\K-Clluster\KMin.cpp">
      <Filter>Source Files</Filter>
    </ClCompile>
    <ClCompile Include="src\DataSet\Common.cpp">
      <Filter>Source Files</Filter>
    </ClCompile>
    <ClCompile Include="lib\Tensor\Tensor.cpp">
      <Filter>Source Files</Filter>
    </ClCompile>
    <ClCompile Include="lib\Module\Module.cpp">
      <Filter>Source Files</Filter>
    </ClCompile>
    <ClCompile Include="lib\Module\Flatten.cpp">
      <Filter>Source Files</Filter>
    </ClCompile>
    <ClCompile Include="lib\Module\Linear.cpp">
      <Filter>Source Files</Filter>
    </ClCompile>
    <ClCompile Include="lib\Module\ReLU.cpp">
      <Filter>Source Files</Filter>
    </ClCompile>
    <ClCompile Include="lib\NuralNet\NuralNet.cpp">
      <Filter>Source Files</Filter>
    </ClCompile>
    <ClCompile Include="lib\Module\SoftMax.cpp">
      <Filter>Source Files</Filter>
    </ClCompile>
    <ClCompile Include="lib\Module\Loss.cpp">
      <Filter>Source Files</Filter>
    </ClCompile>
    <ClCompile Include="lib\NuralNet\SGD.cpp">
      <Filter>Source Files</Filter>
    </ClCompile>
    <ClCompile Include="lib\NuralNet\Dataset.cpp">
      <Filter>Source Files</Filter>
    </ClCompile>
    <ClCompile Include="lib\NuralNet\DataLoader.cpp">
      <Filter>Source Files</Filter>
    </ClCompile>
  </ItemGroup>
  <ItemGroup>
    <ClInclude Include="src\DataSet\Data.h">
      <Filter>Header Files</Filter>
    </ClInclude>
    <ClInclude Include="src\DataSet\DataHandler.h">
      <Filter>Header Files</Filter>
    </ClInclude>
    <ClInclude Include="src\K-Clluster\KMin.h">
      <Filter>Header Files</Filter>
    </ClInclude>
    <ClInclude Include="src\DataSet\Common.h">
      <Filter>Header Files</Filter>
    </ClInclude>
    <ClInclude Include="lib\Tensor\Tensor.h">
      <Filter>Header Files</Filter>
    </ClInclude>
    <ClInclude Include="lib\Module\Module.h">
      <Filter>Header Files</Filter>
    </ClInclude>
    <ClInclude Include="lib\Module\Flatten.h">
      <Filter>Header Files</Filter>
    </ClInclude>
    <ClInclude Include="lib\Module\Linear.h">
      <Filter>Header Files</Filter>
    </ClInclude>
    <ClInclude Include="lib\Module\ReLU.h">
      <Filter>Header Files</Filter>
    </ClInclude>
    <ClInclude Include="lib\NuralNet\Serialization.hpp">
      <Filter>Header Files</Filter>
    </ClInclude>
    <ClInclude Include="lib\NuralNet\NuralNet.h">
      <Filter>Header Files</Filter>
    </ClInclude>
    <ClInclude Include="lib\Module\SoftMax.h">
      <Filter>Header Files</Filter>
    </ClInclude>
    <ClInclude Include="lib\Module\Loss.h">
      <Filter>Header Files</Filter>
    </ClInclude>
    <ClInclude Include="lib\NuralNet\SGD.h">
      <Filter>Header Files</Filter>
    </ClInclude>
    <ClInclude Include="lib\NuralNet\Dataset.h">
      <Filter>Header Files</Filter>
    </ClInclude>
    <ClInclude Include="lib\NuralNet\DataLoader.h">
      <Filter>Header Files</Filter>
    </ClInclude>
    <ClInclude Include="lib\err\Error.hpp">
      <Filter>Header Files</Filter>
    </ClInclude>
  </ItemGroup>
</Project>